{
  "name": "05_Presentasi",
  "lockfileVersion": 3,
  "requires": true,
  "packages": {
    "": {
      "dependencies": {
        "playwright-chromium": "^1.60.0"
      }
    },
    "node_modules/playwright-chromium": {
      "version": "1.61.1",
      "resolved": "https://registry.npmjs.org/playwright-chromium/-/playwright-chromium-1.61.1.tgz",
      "integrity": "sha512-YK3K8JakUv5Hq5WjY6oU/XwuD/041s9XVtoTKTrZHYRY72DOAsni/iXye7iBS8lgYWUZENt/6tBnpmhaSg72ug==",
      "hasInstallScript": true,
      "dependencies": {
        "playwright-core": "1.61.1"
      },
      "bin": {
        "playwright": "cli.js"
      },
      "engines": {
        "node": ">=18"
      }
    },
    "node_modules/playwright-core": {
      "version": "1.61.1",
      "resolved": "https://registry.npmjs.org/playwright-core/-/playwright-core-1.61.1.tgz",
      "integrity": "sha512-h7Qlt6m4REp25qvIdvbDtVmD4LqVXfpRxhORv9L0jzETM05p4fuPJ3dKyuSXQxDSbXnmS79HAgi9589lGSpLkg==",
      "bin": {
        "playwright-core": "cli.js"
      },
      "engines": {
        "node": ">=18"
      }
    }
  }
}
